[[package]]
name = "anyio"
version = "3.6.2"
requires_python = ">=3.6.2"
summary = "High level compatibility layer for multiple asynchronous event loop implementations"
dependencies = [
    "idna>=2.8",
    "sniffio>=1.1",
    "typing-extensions; python_version < \"3.8\"",
]

[[package]]
name = "click"
version = "8.1.3"
requires_python = ">=3.7"
summary = "Composable command line interface toolkit"
dependencies = [
    "colorama; platform_system == \"Windows\"",
    "importlib-metadata; python_version < \"3.8\"",
]

[[package]]
name = "colorama"
version = "0.4.6"
requires_python = "!=3.0.*,!=3.1.*,!=3.2.*,!=3.3.*,!=3.4.*,!=3.5.*,!=3.6.*,>=2.7"
summary = "Cross-platform colored terminal text."

[[package]]
name = "fastapi"
version = "0.88.0"
requires_python = ">=3.7"
summary = "FastAPI framework, high performance, easy to learn, fast to code, ready for production"
dependencies = [
    "pydantic!=1.7,!=1.7.1,!=1.7.2,!=1.7.3,!=1.8,!=1.8.1,<2.0.0,>=1.6.2",
    "starlette==0.22.0",
]

[[package]]
name = "h11"
version = "0.14.0"
requires_python = ">=3.7"
summary = "A pure-Python, bring-your-own-I/O implementation of HTTP/1.1"
dependencies = [
    "typing-extensions; python_version < \"3.8\"",
]

[[package]]
name = "h2"
version = "4.1.0"
requires_python = ">=3.6.1"
summary = "HTTP/2 State-Machine based protocol implementation"
dependencies = [
    "hpack<5,>=4.0",
    "hyperframe<7,>=6.0",
]

[[package]]
name = "hpack"
version = "4.0.0"
requires_python = ">=3.6.1"
summary = "Pure-Python HPACK header compression"

[[package]]
name = "hypercorn"
version = "0.14.3"
requires_python = ">=3.7"
summary = "A ASGI Server based on Hyper libraries and inspired by Gunicorn"
dependencies = [
    "h11",
    "h2>=3.1.0",
    "priority",
    "toml",
    "typing-extensions>=3.7.4; python_version < \"3.8\"",
    "wsproto>=0.14.0",
]

[[package]]
name = "hyperframe"
version = "6.0.1"
requires_python = ">=3.6.1"
summary = "HTTP/2 framing layer for Python"

[[package]]
name = "idna"
version = "3.4"
requires_python = ">=3.5"
summary = "Internationalized Domain Names in Applications (IDNA)"

[[package]]
name = "importlib-metadata"
version = "5.1.0"
requires_python = ">=3.7"
summary = "Read metadata from Python packages"
dependencies = [
    "typing-extensions>=3.6.4; python_version < \"3.8\"",
    "zipp>=0.5",
]

[[package]]
name = "isort"
version = "5.11.2"
requires_python = ">=3.7.0"
summary = "A Python utility / library to sort Python imports."

[[package]]
name = "maturin"
version = "0.14.5"
requires_python = ">=3.7"
summary = "Build and publish crates with pyo3, rust-cpython and cffi bindings as well as rust binaries as python packages"
dependencies = [
    "tomli>=1.1.0; python_version < \"3.11\"",
]

[[package]]
name = "patchelf"
version = "0.17.0.0"
summary = "A small utility to modify the dynamic linker and RPATH of ELF executables."

[[package]]
name = "priority"
version = "2.0.0"
requires_python = ">=3.6.1"
summary = "A pure-Python implementation of the HTTP/2 priority tree"

[[package]]
name = "pydantic"
version = "1.10.2"
requires_python = ">=3.7"
summary = "Data validation and settings management using python type hints"
dependencies = [
    "typing-extensions>=4.1.0",
]

[[package]]
name = "sniffio"
version = "1.3.0"
requires_python = ">=3.7"
summary = "Sniff out which async library your code is running under"

[[package]]
name = "starlette"
version = "0.22.0"
requires_python = ">=3.7"
summary = "The little ASGI library that shines."
dependencies = [
    "anyio<5,>=3.4.0",
    "typing-extensions>=3.10.0; python_version < \"3.10\"",
]

[[package]]
name = "toml"
version = "0.10.2"
requires_python = ">=2.6, !=3.0.*, !=3.1.*, !=3.2.*"
summary = "Python Library for Tom's Obvious, Minimal Language"

[[package]]
name = "tomli"
version = "2.0.1"
requires_python = ">=3.7"
summary = "A lil' TOML parser"

[[package]]
name = "typing-extensions"
version = "4.4.0"
requires_python = ">=3.7"
summary = "Backported and Experimental Type Hints for Python 3.7+"

[[package]]
name = "uvicorn"
version = "0.20.0"
requires_python = ">=3.7"
summary = "The lightning-fast ASGI server."
dependencies = [
    "click>=7.0",
    "h11>=0.8",
    "typing-extensions; python_version < \"3.8\"",
]

[[package]]
name = "wsproto"
version = "1.2.0"
requires_python = ">=3.7.0"
summary = "WebSockets state-machine based protocol implementation"
dependencies = [
    "h11<1,>=0.9.0",
]

[[package]]
name = "yapf"
version = "0.32.0"
summary = "A formatter for Python code."

[[package]]
name = "zipp"
version = "3.11.0"
requires_python = ">=3.7"
summary = "Backport of pathlib-compatible object wrapper for zip files"

[metadata]
lock_version = "4.1"
content_hash = "sha256:5f6a5be44c5c14640832509957e77a156ebff5d22b967d75b31ffcd0b25b20a7"

[metadata.files]
"anyio 3.6.2" = [
    {url = "https://files.pythonhosted.org/packages/77/2b/b4c0b7a3f3d61adb1a1e0b78f90a94e2b6162a043880704b7437ef297cad/anyio-3.6.2-py3-none-any.whl", hash = "sha256:fbbe32bd270d2a2ef3ed1c5d45041250284e31fc0a4df4a5a6071842051a51e3"},
    {url = "https://files.pythonhosted.org/packages/8b/94/6928d4345f2bc1beecbff03325cad43d320717f51ab74ab5a571324f4f5a/anyio-3.6.2.tar.gz", hash = "sha256:25ea0d673ae30af41a0c442f81cf3b38c7e79fdc7b60335a4c14e05eb0947421"},
]
"click 8.1.3" = [
    {url = "https://files.pythonhosted.org/packages/59/87/84326af34517fca8c58418d148f2403df25303e02736832403587318e9e8/click-8.1.3.tar.gz", hash = "sha256:7682dc8afb30297001674575ea00d1814d808d6a36af415a82bd481d37ba7b8e"},
    {url = "https://files.pythonhosted.org/packages/c2/f1/df59e28c642d583f7dacffb1e0965d0e00b218e0186d7858ac5233dce840/click-8.1.3-py3-none-any.whl", hash = "sha256:bb4d8133cb15a609f44e8213d9b391b0809795062913b383c62be0ee95b1db48"},
]
"colorama 0.4.6" = [
    {url = "https://files.pythonhosted.org/packages/d1/d6/3965ed04c63042e047cb6a3e6ed1a63a35087b6a609aa3a15ed8ac56c221/colorama-0.4.6-py2.py3-none-any.whl", hash = "sha256:4f1d9991f5acc0ca119f9d443620b77f9d6b33703e51011c16baf57afb285fc6"},
    {url = "https://files.pythonhosted.org/packages/d8/53/6f443c9a4a8358a93a6792e2acffb9d9d5cb0a5cfd8802644b7b1c9a02e4/colorama-0.4.6.tar.gz", hash = "sha256:08695f5cb7ed6e0531a20572697297273c47b8cae5a63ffc6d6ed5c201be6e44"},
]
"fastapi 0.88.0" = [
    {url = "https://files.pythonhosted.org/packages/d8/09/ce090f6d53ce8b6335954488087210fa1e054c4a65f74d5f76aed254c159/fastapi-0.88.0-py3-none-any.whl", hash = "sha256:263b718bb384422fe3d042ffc9a0c8dece5e034ab6586ff034f6b4b1667c3eee"},
    {url = "https://files.pythonhosted.org/packages/f0/d1/55559f6b09ac336cbb4640ab4c2da0fd79a955eed31f475f0a5ba2ad102e/fastapi-0.88.0.tar.gz", hash = "sha256:915bf304180a0e7c5605ec81097b7d4cd8826ff87a02bb198e336fb9f3b5ff02"},
]
"h11 0.14.0" = [
    {url = "https://files.pythonhosted.org/packages/95/04/ff642e65ad6b90db43e668d70ffb6736436c7ce41fcc549f4e9472234127/h11-0.14.0-py3-none-any.whl", hash = "sha256:e3fe4ac4b851c468cc8363d500db52c2ead036020723024a109d37346efaa761"},
    {url = "https://files.pythonhosted.org/packages/f5/38/3af3d3633a34a3316095b39c8e8fb4853a28a536e55d347bd8d8e9a14b03/h11-0.14.0.tar.gz", hash = "sha256:8f19fbbe99e72420ff35c00b27a34cb9937e902a8b810e2c88300c6f0a3b699d"},
]
"h2 4.1.0" = [
    {url = "https://files.pythonhosted.org/packages/2a/32/fec683ddd10629ea4ea46d206752a95a2d8a48c22521edd70b142488efe1/h2-4.1.0.tar.gz", hash = "sha256:a83aca08fbe7aacb79fec788c9c0bac936343560ed9ec18b82a13a12c28d2abb"},
    {url = "https://files.pythonhosted.org/packages/2a/e5/db6d438da759efbb488c4f3fbdab7764492ff3c3f953132efa6b9f0e9e53/h2-4.1.0-py3-none-any.whl", hash = "sha256:03a46bcf682256c95b5fd9e9a99c1323584c3eec6440d379b9903d709476bc6d"},
]
"hpack 4.0.0" = [
    {url = "https://files.pythonhosted.org/packages/3e/9b/fda93fb4d957db19b0f6b370e79d586b3e8528b20252c729c476a2c02954/hpack-4.0.0.tar.gz", hash = "sha256:fc41de0c63e687ebffde81187a948221294896f6bdc0ae2312708df339430095"},
    {url = "https://files.pythonhosted.org/packages/d5/34/e8b383f35b77c402d28563d2b8f83159319b509bc5f760b15d60b0abf165/hpack-4.0.0-py3-none-any.whl", hash = "sha256:84a076fad3dc9a9f8063ccb8041ef100867b1878b25ef0ee63847a5d53818a6c"},
]
"hypercorn 0.14.3" = [
    {url = "https://files.pythonhosted.org/packages/2e/e8/2a927f26a0cb994451b07622bf778ac6b3cb9fe45216e13feaeebb27c9b0/Hypercorn-0.14.3.tar.gz", hash = "sha256:4a87a0b7bbe9dc75fab06dbe4b301b9b90416e9866c23a377df21a969d6ab8dd"},
    {url = "https://files.pythonhosted.org/packages/be/8b/e856965857137bc594e8fd52fef1d00b79913a6a01033cba772276aff10b/Hypercorn-0.14.3-py3-none-any.whl", hash = "sha256:7c491d5184f28ee960dcdc14ab45d14633ca79d72ddd13cf4fcb4cb854d679ab"},
]
"hyperframe 6.0.1" = [
    {url = "https://files.pythonhosted.org/packages/5a/2a/4747bff0a17f7281abe73e955d60d80aae537a5d203f417fa1c2e7578ebb/hyperframe-6.0.1.tar.gz", hash = "sha256:ae510046231dc8e9ecb1a6586f63d2347bf4c8905914aa84ba585ae85f28a914"},
    {url = "https://files.pythonhosted.org/packages/d7/de/85a784bcc4a3779d1753a7ec2dee5de90e18c7bcf402e71b51fcf150b129/hyperframe-6.0.1-py3-none-any.whl", hash = "sha256:0ec6bafd80d8ad2195c4f03aacba3a8265e57bc4cff261e802bf39970ed02a15"},
]
"idna 3.4" = [
    {url = "https://files.pythonhosted.org/packages/8b/e1/43beb3d38dba6cb420cefa297822eac205a277ab43e5ba5d5c46faf96438/idna-3.4.tar.gz", hash = "sha256:814f528e8dead7d329833b91c5faa87d60bf71824cd12a7530b5526063d02cb4"},
    {url = "https://files.pythonhosted.org/packages/fc/34/3030de6f1370931b9dbb4dad48f6ab1015ab1d32447850b9fc94e60097be/idna-3.4-py3-none-any.whl", hash = "sha256:90b77e79eaa3eba6de819a0c442c0b4ceefc341a7a2ab77d7562bf49f425c5c2"},
]
"importlib-metadata 5.1.0" = [
    {url = "https://files.pythonhosted.org/packages/32/5a/e0d75c8010295ae6746f379f5324bc726076dfc426548bfa6f0763fce870/importlib_metadata-5.1.0.tar.gz", hash = "sha256:d5059f9f1e8e41f80e9c56c2ee58811450c31984dfa625329ffd7c0dad88a73b"},
    {url = "https://files.pythonhosted.org/packages/e1/16/1f59f5d87d256012e9cdf0e8af8810965fa253e835cfecce64f4b11d4f2d/importlib_metadata-5.1.0-py3-none-any.whl", hash = "sha256:d84d17e21670ec07990e1044a99efe8d615d860fd176fc29ef5c306068fda313"},
]
"isort 5.11.2" = [
    {url = "https://files.pythonhosted.org/packages/42/48/d46b8a013e2f9c6f639197b1d96791196133d8a36a5b594529cfdb780a8d/isort-5.11.2.tar.gz", hash = "sha256:dd8bbc5c0990f2a095d754e50360915f73b4c26fc82733eb5bfc6b48396af4d2"},
    {url = "https://files.pythonhosted.org/packages/cc/95/ccd309181d2b05afbe98cf452210f7e3bd73731ec1849db5c210e2df2117/isort-5.11.2-py3-none-any.whl", hash = "sha256:e486966fba83f25b8045f8dd7455b0a0d1e4de481e1d7ce4669902d9fb85e622"},
]
"maturin 0.14.5" = [
    {url = "https://files.pythonhosted.org/packages/0f/a1/7f66923e3c9f66f11013d73ba5104b25e2ca95eddf919dfc54e8f5aa5397/maturin-0.14.5-py3-none-manylinux_2_17_aarch64.manylinux2014_aarch64.musllinux_1_1_aarch64.whl", hash = "sha256:a9f3dfa0d3bf1e758fbac01437c85e46e39b44930ae7781a738bb695ff324986"},
    {url = "https://files.pythonhosted.org/packages/1e/5a/7923b6456c168aa0a8597c83057ab34cd34c2b394e6be0873b78e07b4b5a/maturin-0.14.5-py3-none-manylinux_2_12_x86_64.manylinux2010_x86_64.musllinux_1_1_x86_64.whl", hash = "sha256:d0aeaea4758ffab2c80ca1668a7380419d76c37f29e7dc4e5ce9e7d608082ae8"},
    {url = "https://files.pythonhosted.org/packages/27/00/fdf30c80c5794b234da6c9f56f257a814f5e348c7d6d05bd3e27cd410f1f/maturin-0.14.5-py3-none-manylinux_2_17_ppc64le.manylinux2014_ppc64le.musllinux_1_1_ppc64le.whl", hash = "sha256:ed1c890e41c0501daf392aac45f222aa116fc232f2a7bb1213e1613b3ada0737"},
    {url = "https://files.pythonhosted.org/packages/36/83/2bdec738921e253d774ab8b9e99f4540a406ad0d8a1442c84575e5506686/maturin-0.14.5.tar.gz", hash = "sha256:6bda7f9ed636a29f51860fe8b2f8366ccaffee31eb7480c93e07fcd4eecb62bd"},
    {url = "https://files.pythonhosted.org/packages/3a/7d/af9f2f7f49c29f7367cf39c06548468bab4e4dc6908a8959659bc9c7852a/maturin-0.14.5-py3-none-manylinux_2_17_s390x.manylinux2014_s390x.whl", hash = "sha256:091592d631baf3e1a89e3b56f13c981e996ee963b4613051f5c9e81b98bc1c75"},
    {url = "https://files.pythonhosted.org/packages/58/1d/a583f936d08d1e5459287771742d881ac488bffd885ff398f6fa1e7b708b/maturin-0.14.5-py3-none-win_amd64.whl", hash = "sha256:736c113a483c88be12077b8d8fd85cdd3ec1a794f3754f1b557a2845d33206d6"},
    {url = "https://files.pythonhosted.org/packages/5d/cf/4c3faf12887230b2e92ff6a3c3973d39f3f0b0aa85eed2fd798e50c1ae3a/maturin-0.14.5-py3-none-manylinux_2_12_i686.manylinux2010_i686.musllinux_1_1_i686.whl", hash = "sha256:64b2f6f93137319e24851063eb2f8c6a85c9eecca7956a0ac18f17103868ec5c"},
    {url = "https://files.pythonhosted.org/packages/83/66/58bb346d77df036b08ce395335708b6f627aacdcad8c0e2f24227f093a06/maturin-0.14.5-py3-none-macosx_10_7_x86_64.whl", hash = "sha256:a251f81cbc96a00e312d83ac62504b4dd91367ba7de104fdab7fce1c8e0ccd5a"},
    {url = "https://files.pythonhosted.org/packages/85/ac/03fcd2365534a1007922b8b293e32e7fdc07c08439a1e0596fa7bd1a3a16/maturin-0.14.5-py3-none-macosx_10_9_x86_64.macosx_10_9_arm64.macosx_10_9_universal2.whl", hash = "sha256:3ce0d84e96635c3d88c4515e1afeb60407f56ce77e7a23d9f7d255d47ea24c43"},
    {url = "https://files.pythonhosted.org/packages/94/b0/331a55c5e640d119762945e9fce25bf92fe80a522af74d92d1523f8aa810/maturin-0.14.5-py3-none-win_arm64.whl", hash = "sha256:f7fa0f7a54bae429f4dda8c600d75e5d0bbb123005977845f1762ec7b76738ec"},
    {url = "https://files.pythonhosted.org/packages/98/6d/f5b0b877fd70f906985095b59d428918d9db492b0a9ea7c9b70abe207b71/maturin-0.14.5-py3-none-linux_armv6l.whl", hash = "sha256:b193fc971e462c60142528dd114f06bcc080f7d6ba4cbeaa004000c70ac6c384"},
    {url = "https://files.pythonhosted.org/packages/a7/98/715d7bad44fa0eca9c1686305addab1c994c879424d9630e55a51c0fe0fd/maturin-0.14.5-py3-none-manylinux_2_17_armv7l.manylinux2014_armv7l.musllinux_1_1_armv7l.whl", hash = "sha256:711dc58a4f1550383e0ced5e03a2ece1454d73816faa49aed0c47c092c8340ce"},
    {url = "https://files.pythonhosted.org/packages/fb/9b/1e19d2e8f53f34f168dcfa6a9cb0dfe72f0b8ebb6e076f693d2b6f643793/maturin-0.14.5-py3-none-win32.whl", hash = "sha256:61307cc5be8a6c66fe687f38984d8fb3c4ec523cf1e181c555708ca9433a6c6c"},
]
"patchelf 0.17.0.0" = [
    {url = "https://files.pythonhosted.org/packages/58/b0/0e89d4eb0d4e0e8fba702498599fd7acaeb068075cf6b4ad63f5b0922435/patchelf-0.17.0.0-py2.py3-none-manylinux_2_17_aarch64.manylinux2014_aarch64.musllinux_1_1_aarch64.whl", hash = "sha256:bb675f65ad3d999763e7332a53ec98d5ae186fb057e15f781de0d108e2258f5d"},
    {url = "https://files.pythonhosted.org/packages/89/8b/75c6cf7af9b01eee39d0e8b8a3fc5d7f9e2b711aa0d71ef51105b9b1f50e/patchelf-0.17.0.0-py2.py3-none-manylinux_2_17_ppc64le.manylinux2014_ppc64le.musllinux_1_1_ppc64le.whl", hash = "sha256:634e7b0c389251f2f8ae3f30a0cfb15873048113fcd22ae18ca354a96dc94368"},
    {url = "https://files.pythonhosted.org/packages/90/7c/939b657d7fd0da3d6cc9e5f9f10217fbe9d87049f47eef2c8f8a55d9b9d4/patchelf-0.17.0.0-py2.py3-none-manylinux_2_5_x86_64.manylinux1_x86_64.musllinux_1_1_x86_64.whl", hash = "sha256:858447ad58f84818afce32ad870c559fa27c3fe102302e9906d376461055e599"},
    {url = "https://files.pythonhosted.org/packages/b2/9f/8e0eff0237cb6317dff0bdf6ac7a4847f2fe3821f5cdf15765366fdb6bef/patchelf-0.17.0.0-py2.py3-none-manylinux_2_5_i686.manylinux1_i686.musllinux_1_1_i686.whl", hash = "sha256:f01e680cdfbbcdfd70dc95b23fe19f6c05b76a92961d04bf812ee188b8bd013a"},
    {url = "https://files.pythonhosted.org/packages/c2/41/9e56857c0f402cc3f083fbc55bd87485979844aedf8c44f0e25ab365eef0/patchelf-0.17.0.0.tar.gz", hash = "sha256:a90c0244593ad353513b098a3c46a5fd60a71c160b7acf86ed16f1b5cb98878b"},
    {url = "https://files.pythonhosted.org/packages/ea/d2/41d90d1a6d7c53b98030dd4689ec41d6e36bf7e857b77ef76325afe80e51/patchelf-0.17.0.0-py2.py3-none-manylinux_2_17_s390x.manylinux2014_s390x.musllinux_1_1_s390x.whl", hash = "sha256:80008417d50f66a82747a1a851f100c0f2de5f0df7aec9eaca0b479ad10a3caa"},
]
"priority 2.0.0" = [
    {url = "https://files.pythonhosted.org/packages/5e/5f/82c8074f7e84978129347c2c6ec8b6c59f3584ff1a20bc3c940a3e061790/priority-2.0.0-py3-none-any.whl", hash = "sha256:6f8eefce5f3ad59baf2c080a664037bb4725cd0a790d53d59ab4059288faf6aa"},
    {url = "https://files.pythonhosted.org/packages/f5/3c/eb7c35f4dcede96fca1842dac5f4f5d15511aa4b52f3a961219e68ae9204/priority-2.0.0.tar.gz", hash = "sha256:c965d54f1b8d0d0b19479db3924c7c36cf672dbf2aec92d43fbdaf4492ba18c0"},
]
"pydantic 1.10.2" = [
    {url = "https://files.pythonhosted.org/packages/13/e3/5b83cba317390c9125e049a5328b8e19475098362d398a65936aaab3f00f/pydantic-1.10.2-cp38-cp38-musllinux_1_1_i686.whl", hash = "sha256:1ee433e274268a4b0c8fde7ad9d58ecba12b069a033ecc4645bb6303c062d2e9"},
    {url = "https://files.pythonhosted.org/packages/22/53/196c9a5752e30d682e493d7c00ea0a02377446578e577ae5e085010dc0bd/pydantic-1.10.2-cp37-cp37m-manylinux_2_17_x86_64.manylinux2014_x86_64.whl", hash = "sha256:81a7b66c3f499108b448f3f004801fcd7d7165fb4200acb03f1c2402da73ce4c"},
    {url = "https://files.pythonhosted.org/packages/33/82/40effb1628768af97223df215ed909cc25e0d04d5503667cf7fb5266ee0d/pydantic-1.10.2-cp311-cp311-musllinux_1_1_i686.whl", hash = "sha256:05e00dbebbe810b33c7a7362f231893183bcc4251f3f2ff991c31d5c08240c42"},
    {url = "https://files.pythonhosted.org/packages/33/dd/a8eda780256d32a0ebf2a507e3ee6776e485b98c15b5f6c9ee1661b7374a/pydantic-1.10.2-cp37-cp37m-musllinux_1_1_i686.whl", hash = "sha256:9300fcbebf85f6339a02c6994b2eb3ff1b9c8c14f502058b5bf349d42447dcf5"},
    {url = "https://files.pythonhosted.org/packages/4c/5f/11db15638a3f5b29c7ae6f24b43c1e7985f09b0fe983621d7ef1ff722020/pydantic-1.10.2-cp39-cp39-manylinux_2_17_x86_64.manylinux2014_x86_64.whl", hash = "sha256:6eb843dcc411b6a2237a694f5e1d649fc66c6064d02b204a7e9d194dff81eb4b"},
    {url = "https://files.pythonhosted.org/packages/4c/a9/26873855ce8c1d84cc892036c3396dd1e2d3233201d0b7002451f679ad8d/pydantic-1.10.2-cp310-cp310-macosx_11_0_arm64.whl", hash = "sha256:a1f5a63a6dfe19d719b1b6e6106561869d2efaca6167f84f5ab9347887d78b98"},
    {url = "https://files.pythonhosted.org/packages/4f/53/5747ced47f8af73753bdeb39271acaef47dc63873e0ca16fc33d4a777f31/pydantic-1.10.2-cp38-cp38-macosx_10_9_x86_64.whl", hash = "sha256:b97890e56a694486f772d36efd2ba31612739bc6f3caeee50e9e7e3ebd2fdd13"},
    {url = "https://files.pythonhosted.org/packages/5d/96/3861db92c405d491d02abf17a88f04575311f36688bdb9fb086838d0b379/pydantic-1.10.2-cp311-cp311-manylinux_2_5_i686.manylinux1_i686.manylinux_2_17_i686.manylinux2014_i686.whl", hash = "sha256:7b5ba54d026c2bd2cb769d3468885f23f43710f651688e91f5fb1edcf0ee9283"},
    {url = "https://files.pythonhosted.org/packages/65/06/5925bb1302daaacc28cdf3ac832d62bd0f5fdda5c648409d98cce26d78a4/pydantic-1.10.2-cp39-cp39-musllinux_1_1_i686.whl", hash = "sha256:e0bedafe4bc165ad0a56ac0bd7695df25c50f76961da29c050712596cf092d6d"},
    {url = "https://files.pythonhosted.org/packages/6e/fd/8ffad95e696caf36834c3819d1509f8fb146120501c8deb27c8bfb146b26/pydantic-1.10.2-cp310-cp310-musllinux_1_1_i686.whl", hash = "sha256:e9069e1b01525a96e6ff49e25876d90d5a563bc31c658289a8772ae186552236"},
    {url = "https://files.pythonhosted.org/packages/74/3e/f043a9db9f3ec835b49b084054a83e64a2057d6dabc15da4d2f00edaf8f4/pydantic-1.10.2-cp38-cp38-manylinux_2_17_x86_64.manylinux2014_x86_64.whl", hash = "sha256:06094d18dd5e6f2bbf93efa54991c3240964bb663b87729ac340eb5014310624"},
    {url = "https://files.pythonhosted.org/packages/74/4f/ea30b0bc3ea6f41d73c9aaa26fd51bd9d4f6f755c62625b592c2c2b1b6f0/pydantic-1.10.2-cp311-cp311-manylinux_2_17_x86_64.manylinux2014_x86_64.whl", hash = "sha256:37c90345ec7dd2f1bcef82ce49b6235b40f282b94d3eec47e801baf864d15525"},
    {url = "https://files.pythonhosted.org/packages/7a/1d/d61c9ae42b62686a4230a7747119527269cb8bd17fb7146ee463b1a3ed71/pydantic-1.10.2-cp37-cp37m-musllinux_1_1_x86_64.whl", hash = "sha256:216f3bcbf19c726b1cc22b099dd409aa371f55c08800bcea4c44c8f74b73478d"},
    {url = "https://files.pythonhosted.org/packages/7d/7d/58dd62f792b002fa28cce4e83cb90f4359809e6d12db86eedf26a752895c/pydantic-1.10.2.tar.gz", hash = "sha256:91b8e218852ef6007c2b98cd861601c6a09f1aa32bbbb74fab5b1c33d4a1e410"},
    {url = "https://files.pythonhosted.org/packages/87/f7/b02ec31ffd6eafdd2ca8a4a9f1a3ad2fa68ca8b850de82bbe99053e3d2c0/pydantic-1.10.2-cp310-cp310-manylinux_2_17_x86_64.manylinux2014_x86_64.whl", hash = "sha256:352aedb1d71b8b0736c6d56ad2bd34c6982720644b0624462059ab29bd6e5912"},
    {url = "https://files.pythonhosted.org/packages/88/6f/69a98253109e15de3eba1b6ec5c621f01c9e3735c2d3e6a949b4f467d78e/pydantic-1.10.2-cp310-cp310-manylinux_2_5_i686.manylinux1_i686.manylinux_2_17_i686.manylinux2014_i686.whl", hash = "sha256:19b3b9ccf97af2b7519c42032441a891a5e05c68368f40865a90eb88833c2559"},
    {url = "https://files.pythonhosted.org/packages/8a/18/2050f86b48b79fe731e7ca706f4914dd2fcfa4071ca29d5509deb54972fc/pydantic-1.10.2-cp38-cp38-win_amd64.whl", hash = "sha256:0b959f4d8211fc964772b595ebb25f7652da3f22322c007b6fed26846a40685e"},
    {url = "https://files.pythonhosted.org/packages/8a/b0/8a4349bb4388e1cd6b843a908b33bc1fea261ce948c287fd5b32e094dc96/pydantic-1.10.2-cp38-cp38-manylinux_2_5_i686.manylinux1_i686.manylinux_2_17_i686.manylinux2014_i686.whl", hash = "sha256:cc78cc83110d2f275ec1970e7a831f4e371ee92405332ebfe9860a715f8336e1"},
    {url = "https://files.pythonhosted.org/packages/92/fb/0d5e414d3f72b43c50572f63647fab3abf41cc9f04f810bec97e4d61f09a/pydantic-1.10.2-cp311-cp311-macosx_11_0_arm64.whl", hash = "sha256:d49f3db871575e0426b12e2f32fdb25e579dea16486a26e5a0474af87cb1ab0a"},
    {url = "https://files.pythonhosted.org/packages/97/d5/dc4bd637ba0c2cefc58f40415116b9bbc315aa41da158dc3b81d9d981c1c/pydantic-1.10.2-cp39-cp39-musllinux_1_1_x86_64.whl", hash = "sha256:2e05aed07fa02231dbf03d0adb1be1d79cabb09025dd45aa094aa8b4e7b9dcda"},
    {url = "https://files.pythonhosted.org/packages/a9/ce/f01d53fa974c954610e08be73058436f5df6a5125929a8d732030eeb19a8/pydantic-1.10.2-cp311-cp311-musllinux_1_1_x86_64.whl", hash = "sha256:2d0567e60eb01bccda3a4df01df677adf6b437958d35c12a3ac3e0f078b0ee52"},
    {url = "https://files.pythonhosted.org/packages/af/cf/beecf80bc07c9bd1612219b053950af9b04eb597806c9905dbcfd75fa50d/pydantic-1.10.2-cp39-cp39-macosx_10_9_x86_64.whl", hash = "sha256:c33602f93bfb67779f9c507e4d69451664524389546bacfe1bee13cae6dc7488"},
    {url = "https://files.pythonhosted.org/packages/b0/b5/b673ec4154429dcf152e993fd0a2146a3f8a2de3bc4a2dd0768ba051eefb/pydantic-1.10.2-cp311-cp311-win_amd64.whl", hash = "sha256:c6f981882aea41e021f72779ce2a4e87267458cc4d39ea990729e21ef18f0f8c"},
    {url = "https://files.pythonhosted.org/packages/b2/74/961f37b2c2df5c021dd4ac981750a455f0eea312f3eb074a0b7f0fd4663d/pydantic-1.10.2-cp39-cp39-manylinux_2_5_i686.manylinux1_i686.manylinux_2_17_i686.manylinux2014_i686.whl", hash = "sha256:4b8795290deaae348c4eba0cebb196e1c6b98bdbe7f50b2d0d9a4a99716342fe"},
    {url = "https://files.pythonhosted.org/packages/c2/f7/9c79223c4131bd258dd4b362e426804346b62b1a2e7c914f3eefd6f9f73c/pydantic-1.10.2-cp37-cp37m-macosx_10_9_x86_64.whl", hash = "sha256:c4aac8e7103bf598373208f6299fa9a5cfd1fc571f2d40bf1dd1955a63d6eeb5"},
    {url = "https://files.pythonhosted.org/packages/c4/ab/25e2515801f17d1434500ed59405a9f13030891896bd4fc90088f8bdf610/pydantic-1.10.2-cp311-cp311-macosx_10_9_x86_64.whl", hash = "sha256:a4c805731c33a8db4b6ace45ce440c4ef5336e712508b4d9e1aafa617dc9907f"},
    {url = "https://files.pythonhosted.org/packages/c6/9b/7a383fbd1f5f0ec8143fb9ebf57c22c4356fadedc0ca376262117e6f2878/pydantic-1.10.2-cp310-cp310-musllinux_1_1_x86_64.whl", hash = "sha256:355639d9afc76bcb9b0c3000ddcd08472ae75318a6eb67a15866b87e2efa168c"},
    {url = "https://files.pythonhosted.org/packages/d4/ec/230ab377c457cd68cfda78759e2a57f8c08a9e9adb4cd53c4d2fc9100b15/pydantic-1.10.2-py3-none-any.whl", hash = "sha256:1b6ee725bd6e83ec78b1aa32c5b1fa67a3a65badddde3976bca5fe4568f27709"},
    {url = "https://files.pythonhosted.org/packages/d6/8b/9ec347ac3a848bb8c356ec6c6a5a5066300f37e985915b0fa68cf78f448a/pydantic-1.10.2-cp310-cp310-win_amd64.whl", hash = "sha256:ae544c47bec47a86bc7d350f965d8b15540e27e5aa4f55170ac6a75e5f73b644"},
    {url = "https://files.pythonhosted.org/packages/dc/bf/5965230bf0547c5fa0005984564146dcc414e6e8b6349177eca413761013/pydantic-1.10.2-cp37-cp37m-win_amd64.whl", hash = "sha256:dd3f9a40c16daf323cf913593083698caee97df2804aa36c4b3175d5ac1b92a2"},
    {url = "https://files.pythonhosted.org/packages/e5/23/96ba59f91dc42b35d72d8ffd8eff1f9c4b508b927207f9122fcfa679c495/pydantic-1.10.2-cp38-cp38-musllinux_1_1_x86_64.whl", hash = "sha256:7c2abc4393dea97a4ccbb4ec7d8658d4e22c4765b7b9b9445588f16c71ad9965"},
    {url = "https://files.pythonhosted.org/packages/ef/a8/c11b225b5eae30cf7c00be4d056705aaee42cc646e77e7bda9e407728619/pydantic-1.10.2-cp39-cp39-win_amd64.whl", hash = "sha256:c1ba1afb396148bbc70e9eaa8c06c1716fdddabaf86e7027c5988bae2a829ab6"},
    {url = "https://files.pythonhosted.org/packages/f0/83/9bb5cfa0eca92d0c7c317438ecce33051c3879bf2b0a2b990e4e0d6070b7/pydantic-1.10.2-cp38-cp38-macosx_11_0_arm64.whl", hash = "sha256:9cabf4a7f05a776e7793e72793cd92cc865ea0e83a819f9ae4ecccb1b8aa6116"},
    {url = "https://files.pythonhosted.org/packages/f8/91/814d1d833d4d53ae4854dcb23256c55758b0fc01b90b20a297ee2c76bb84/pydantic-1.10.2-cp39-cp39-macosx_11_0_arm64.whl", hash = "sha256:5760e164b807a48a8f25f8aa1a6d857e6ce62e7ec83ea5d5c5a802eac81bad41"},
    {url = "https://files.pythonhosted.org/packages/fe/5b/6f77e6ebc93e5e3c7fd480e1b171a6547407eba901a56a65d2745df24144/pydantic-1.10.2-cp37-cp37m-manylinux_2_5_i686.manylinux1_i686.manylinux_2_17_i686.manylinux2014_i686.whl", hash = "sha256:bedf309630209e78582ffacda64a21f96f3ed2e51fbf3962d4d488e503420254"},
    {url = "https://files.pythonhosted.org/packages/fe/fd/8f7f8271d526378c927babd1229501e576760cef9a509909a3415eec3c0d/pydantic-1.10.2-cp310-cp310-macosx_10_9_x86_64.whl", hash = "sha256:bb6ad4489af1bac6955d38ebcb95079a836af31e4c4f74aba1ca05bb9f6027bd"},
]
"sniffio 1.3.0" = [
    {url = "https://files.pythonhosted.org/packages/c3/a0/5dba8ed157b0136607c7f2151db695885606968d1fae123dc3391e0cfdbf/sniffio-1.3.0-py3-none-any.whl", hash = "sha256:eecefdce1e5bbfb7ad2eeaabf7c1eeb404d7757c379bd1f7e5cce9d8bf425384"},
    {url = "https://files.pythonhosted.org/packages/cd/50/d49c388cae4ec10e8109b1b833fd265511840706808576df3ada99ecb0ac/sniffio-1.3.0.tar.gz", hash = "sha256:e60305c5e5d314f5389259b7f22aaa33d8f7dee49763119234af3755c55b9101"},
]
"starlette 0.22.0" = [
    {url = "https://files.pythonhosted.org/packages/1d/4e/30eda84159d5b3ad7fe663c40c49b16dd17436abe838f10a56c34bee44e8/starlette-0.22.0-py3-none-any.whl", hash = "sha256:b5eda991ad5f0ee5d8ce4c4540202a573bb6691ecd0c712262d0bc85cf8f2c50"},
    {url = "https://files.pythonhosted.org/packages/f7/ff/64bd3362f80e81402f21e0f1ba55f8801cd899ad3f2a1bcc4a94d284c786/starlette-0.22.0.tar.gz", hash = "sha256:b092cbc365bea34dd6840b42861bdabb2f507f8671e642e8272d2442e08ea4ff"},
]
"toml 0.10.2" = [
    {url = "https://files.pythonhosted.org/packages/44/6f/7120676b6d73228c96e17f1f794d8ab046fc910d781c8d151120c3f1569e/toml-0.10.2-py2.py3-none-any.whl", hash = "sha256:806143ae5bfb6a3c6e736a764057db0e6a0e05e338b5630894a5f779cabb4f9b"},
    {url = "https://files.pythonhosted.org/packages/be/ba/1f744cdc819428fc6b5084ec34d9b30660f6f9daaf70eead706e3203ec3c/toml-0.10.2.tar.gz", hash = "sha256:b3bda1d108d5dd99f4a20d24d9c348e91c4db7ab1b749200bded2f839ccbe68f"},
]
"tomli 2.0.1" = [
    {url = "https://files.pythonhosted.org/packages/97/75/10a9ebee3fd790d20926a90a2547f0bf78f371b2f13aa822c759680ca7b9/tomli-2.0.1-py3-none-any.whl", hash = "sha256:939de3e7a6161af0c887ef91b7d41a53e7c5a1ca976325f429cb46ea9bc30ecc"},
    {url = "https://files.pythonhosted.org/packages/c0/3f/d7af728f075fb08564c5949a9c95e44352e23dee646869fa104a3b2060a3/tomli-2.0.1.tar.gz", hash = "sha256:de526c12914f0c550d15924c62d72abc48d6fe7364aa87328337a31007fe8a4f"},
]
"typing-extensions 4.4.0" = [
    {url = "https://files.pythonhosted.org/packages/0b/8e/f1a0a5a76cfef77e1eb6004cb49e5f8d72634da638420b9ea492ce8305e8/typing_extensions-4.4.0-py3-none-any.whl", hash = "sha256:16fa4864408f655d35ec496218b85f79b3437c829e93320c7c9215ccfd92489e"},
    {url = "https://files.pythonhosted.org/packages/e3/a7/8f4e456ef0adac43f452efc2d0e4b242ab831297f1bac60ac815d37eb9cf/typing_extensions-4.4.0.tar.gz", hash = "sha256:1511434bb92bf8dd198c12b1cc812e800d4181cfcb867674e0f8279cc93087aa"},
]
"uvicorn 0.20.0" = [
    {url = "https://files.pythonhosted.org/packages/95/3c/9f4650ff609370456f796bb96a355dcddef1ded67e05d1b4eb3481088329/uvicorn-0.20.0.tar.gz", hash = "sha256:a4e12017b940247f836bc90b72e725d7dfd0c8ed1c51eb365f5ba30d9f5127d8"},
    {url = "https://files.pythonhosted.org/packages/96/f3/f39ac8ac3bdf356b4934b8f7e56173e96681f67ef0cd92bd33a5059fae9e/uvicorn-0.20.0-py3-none-any.whl", hash = "sha256:c3ed1598a5668208723f2bb49336f4509424ad198d6ab2615b7783db58d919fd"},
]
"wsproto 1.2.0" = [
    {url = "https://files.pythonhosted.org/packages/78/58/e860788190eba3bcce367f74d29c4675466ce8dddfba85f7827588416f01/wsproto-1.2.0-py3-none-any.whl", hash = "sha256:b9acddd652b585d75b20477888c56642fdade28bdfd3579aa24a4d2c037dd736"},
    {url = "https://files.pythonhosted.org/packages/c9/4a/44d3c295350d776427904d73c189e10aeae66d7f555bb2feee16d1e4ba5a/wsproto-1.2.0.tar.gz", hash = "sha256:ad565f26ecb92588a3e43bc3d96164de84cd9902482b130d0ddbaa9664a85065"},
]
"yapf 0.32.0" = [
    {url = "https://files.pythonhosted.org/packages/47/88/843c2e68f18a5879b4fbf37cb99fbabe1ffc4343b2e63191c8462235c008/yapf-0.32.0-py2.py3-none-any.whl", hash = "sha256:8fea849025584e486fd06d6ba2bed717f396080fd3cc236ba10cb97c4c51cf32"},
    {url = "https://files.pythonhosted.org/packages/c2/cd/d0d1e95b8d78b8097d90ca97af92f4af7fb2e867262a2b6e37d6f48e612a/yapf-0.32.0.tar.gz", hash = "sha256:a3f5085d37ef7e3e004c4ba9f9b3e40c54ff1901cd111f05145ae313a7c67d1b"},
]
"zipp 3.11.0" = [
    {url = "https://files.pythonhosted.org/packages/8e/b3/8b16a007184714f71157b1a71bbe632c5d66dd43bc8152b3c799b13881e1/zipp-3.11.0.tar.gz", hash = "sha256:a7a22e05929290a67401440b39690ae6563279bced5f314609d9d03798f56766"},
    {url = "https://files.pythonhosted.org/packages/d8/20/256eb3f3f437c575fb1a2efdce5e801a5ce3162ea8117da96c43e6ee97d8/zipp-3.11.0-py3-none-any.whl", hash = "sha256:83a28fcb75844b5c0cdaf5aa4003c2d728c77e05f5aeabe8e95e56727005fbaa"},
]
